{
    "_readme": [
        "This file locks the dependencies of your project to a known state",
        "Read more about it at http://getcomposer.org/doc/01-basic-usage.md#composer-lock-the-lock-file",
        "This file is @generated automatically"
    ],
    "hash": "5cfe9b5c1adb44c36e903eab44fafe78",
    "packages": [
        {
            "name": "aklump/loft_data_grids",
            "version": "0.4.13",
            "source": {
                "type": "git",
                "url": "https://github.com/aklump/loft_data_grids.git",
                "reference": "1b8481987519d7cc1f96c17556fccfb526a7cf9d"
            },
            "dist": {
                "type": "zip",
                "url": "https://api.github.com/repos/aklump/loft_data_grids/zipball/1b8481987519d7cc1f96c17556fccfb526a7cf9d",
                "reference": "1b8481987519d7cc1f96c17556fccfb526a7cf9d",
                "shasum": ""
            },
            "require": {
                "php": ">=5.3.0",
                "phpoffice/phpexcel": "1.7.*",
                "symfony/yaml": "2.3.*"
            },
            "require-dev": {
                "phpunit/phpunit": "3.7.*"
            },
            "type": "library",
            "autoload": {
                "psr-0": {
                    "AKlump\\": "src/"
                }
            },
            "notification-url": "https://packagist.org/downloads/",
            "license": [
                "BSD-3-Clause"
            ],
            "authors": [
                {
                    "name": "Aaron Klump",
                    "email": "sourcecode@intheloftstudios.com",
                    "homepage": "http://www.intheloftstudios.com",
                    "role": "Developer"
                }
            ],
            "description": "PHP Classes to allow data placement in a grid structure and exporting in various data formats.",
            "homepage": "http://github.com/aklump/loft_data_grids",
            "keywords": [
                "csv",
                "excel",
                "export",
                "spreadsheet"
            ],
            "time": "2014-10-23 05:07:04"
        },
        {
            "name": "phpoffice/phpexcel",
            "version": "1.7.9",
            "source": {
                "type": "git",
                "url": "https://github.com/PHPOffice/PHPExcel.git",
                "reference": "7a7634fba664249a04fc771df677a9b9f755d7ec"
            },
            "dist": {
                "type": "zip",
                "url": "https://api.github.com/repos/PHPOffice/PHPExcel/zipball/7a7634fba664249a04fc771df677a9b9f755d7ec",
                "reference": "7a7634fba664249a04fc771df677a9b9f755d7ec",
                "shasum": ""
            },
            "require": {
                "ext-xml": "*",
                "php": ">=5.2.0"
            },
            "type": "library",
            "autoload": {
                "psr-0": {
                    "PHPExcel": "Classes/"
                }
            },
            "notification-url": "https://packagist.org/downloads/",
            "license": [
                "LGPL"
            ],
            "authors": [
                {
                    "name": "Maarten Balliauw",
                    "homepage": "http://blog.maartenballiauw.be"
                },
                {
                    "name": "Mark Baker"
                },
                {
                    "name": "Franck Lefevre",
                    "homepage": "http://blog.rootslabs.net"
                },
                {
                    "name": "Erik Tilt"
                }
            ],
            "description": "PHPExcel - OpenXML - Read, Create and Write Spreadsheet documents in PHP - Spreadsheet engine",
            "homepage": "http://phpexcel.codeplex.com",
            "keywords": [
                "OpenXML",
                "excel",
                "php",
                "spreadsheet",
                "xls",
                "xlsx"
            ],
            "time": "2013-05-24 11:57:42"
        },
        {
            "name": "symfony/yaml",
            "version": "v2.3.20",
            "target-dir": "Symfony/Component/Yaml",
            "source": {
                "type": "git",
                "url": "https://github.com/symfony/Yaml.git",
                "reference": "2f2c974f22397a072fab19f9212673f82ef15a69"
            },
            "dist": {
                "type": "zip",
                "url": "https://api.github.com/repos/symfony/Yaml/zipball/2f2c974f22397a072fab19f9212673f82ef15a69",
                "reference": "2f2c974f22397a072fab19f9212673f82ef15a69",
                "shasum": ""
            },
            "require": {
                "php": ">=5.3.3"
            },
            "type": "library",
            "extra": {
                "branch-alias": {
                    "dev-master": "2.3-dev"
                }
            },
            "autoload": {
                "psr-0": {
                    "Symfony\\Component\\Yaml\\": ""
                }
            },
            "notification-url": "https://packagist.org/downloads/",
            "license": [
                "MIT"
            ],
            "authors": [
                {
                    "name": "Symfony Community",
                    "homepage": "http://symfony.com/contributors"
                },
                {
                    "name": "Fabien Potencier",
                    "email": "fabien@symfony.com"
                }
            ],
            "description": "Symfony Yaml Component",
            "homepage": "http://symfony.com",
            "time": "2014-09-22 08:32:35"
        }
    ],
    "packages-dev": [],
    "aliases": [],
    "minimum-stability": "stable",
    "stability-flags": [],
    "prefer-stable": false,
    "platform": [],
    "platform-dev": []
}
